
Microsoft Visual Studio Solution File, Format Version 12.00
# Visual Studio 15
Project("{FAE04EC0-301F-11D3-BF4B-00C04F79EFBC}") = "EnoxSoftware.OpenCVForUnity", "EnoxSoftware.OpenCVForUnity.csproj", "{D907E3B8-DB86-1512-0D50-0BDB0B6DCDE5}"
EndProject
Project("{FAE04EC0-301F-11D3-BF4B-00C04F79EFBC}") = "UnityEngine.TestRunner", "UnityEngine.TestRunner.csproj", "{91B92715-5B36-631E-AAFE-13D7878EA896}"
EndProject
Project("{FAE04EC0-301F-11D3-BF4B-00C04F79EFBC}") = "UnityEngine.XR.LegacyInputHelpers", "UnityEngine.XR.LegacyInputHelpers.csproj", "{50EC5E29-9BDA-3E64-30A7-62E3DE123DDB}"
EndProject
Project("{FAE04EC0-301F-11D3-BF4B-00C04F79EFBC}") = "Assembly-CSharp", "Assembly-CSharp.csproj", "{47606EA0-7579-1470-B3C1-4A64C96D5C54}"
EndProject
Project("{FAE04EC0-301F-11D3-BF4B-00C04F79EFBC}") = "Unity.XR.ARKit", "Unity.XR.ARKit.csproj", "{719AF117-3FFF-1739-3F03-164E74334BB9}"
EndProject
Project("{FAE04EC0-301F-11D3-BF4B-00C04F79EFBC}") = "Unity.XR.ARSubsystems", "Unity.XR.ARSubsystems.csproj", "{372016D5-F56C-BC3A-4C47-B8D563409033}"
EndProject
Project("{FAE04EC0-301F-11D3-BF4B-00C04F79EFBC}") = "Unity.Timeline", "Unity.Timeline.csproj", "{4BC5D974-F15B-8813-4712-B200DB4CE358}"
EndProject
Project("{FAE04EC0-301F-11D3-BF4B-00C04F79EFBC}") = "UnityEngine.UI", "UnityEngine.UI.csproj", "{0898274C-9C99-648F-BA3F-203C00B1C40D}"
EndProject
Project("{FAE04EC0-301F-11D3-BF4B-00C04F79EFBC}") = "Unity.ProBuilder", "Unity.ProBuilder.csproj", "{565E34C5-488E-F124-CFFE-AD351B4C627B}"
EndProject
Project("{FAE04EC0-301F-11D3-BF4B-00C04F79EFBC}") = "LeanCommon", "LeanCommon.csproj", "{CB57D0F1-2208-BE3C-939A-0708DF46746D}"
EndProject
Project("{FAE04EC0-301F-11D3-BF4B-00C04F79EFBC}") = "Unity.TextMeshPro", "Unity.TextMeshPro.csproj", "{26465EE5-4EC4-C81F-C2A3-61DADFAB0BD6}"
EndProject
Project("{FAE04EC0-301F-11D3-BF4B-00C04F79EFBC}") = "Unity.ProBuilder.Poly2Tri", "Unity.ProBuilder.Poly2Tri.csproj", "{58C329B9-9489-CB98-0908-20E55FA3E830}"
EndProject
Project("{FAE04EC0-301F-11D3-BF4B-00C04F79EFBC}") = "LeanTouch", "LeanTouch.csproj", "{EE0ACB51-0C32-EBCA-0756-1043FEBCEE62}"
EndProject
Project("{FAE04EC0-301F-11D3-BF4B-00C04F79EFBC}") = "Unity.XR.Management", "Unity.XR.Management.csproj", "{50042142-EF92-139A-1575-3C0F073E03C3}"
EndProject
Project("{FAE04EC0-301F-11D3-BF4B-00C04F79EFBC}") = "VuforiaScripts", "VuforiaScripts.csproj", "{B4B4DAA4-5821-0804-587F-401261A3FDBF}"
EndProject
Project("{FAE04EC0-301F-11D3-BF4B-00C04F79EFBC}") = "NativeGallery.Runtime", "NativeGallery.Runtime.csproj", "{4A8A6CC4-962F-9C75-E7F3-2D512BF6F73A}"
EndProject
Project("{FAE04EC0-301F-11D3-BF4B-00C04F79EFBC}") = "Unity.ProBuilder.Csg", "Unity.ProBuilder.Csg.csproj", "{838FC7C6-7215-3BB8-4896-62276E236D9E}"
EndProject
Project("{FAE04EC0-301F-11D3-BF4B-00C04F79EFBC}") = "Assembly-CSharp-firstpass", "Assembly-CSharp-firstpass.csproj", "{CC4D6F96-571A-A0BC-9FB3-804537254273}"
EndProject
Project("{FAE04EC0-301F-11D3-BF4B-00C04F79EFBC}") = "Unity.ProBuilder.KdTree", "Unity.ProBuilder.KdTree.csproj", "{CDD60E18-5F28-CC3F-9111-89BF5B1844A5}"
EndProject
Project("{FAE04EC0-301F-11D3-BF4B-00C04F79EFBC}") = "Unity.ProBuilder.Stl", "Unity.ProBuilder.Stl.csproj", "{71CE0F4B-1DA4-904A-6B27-B0DD49D8C933}"
EndProject
Project("{FAE04EC0-301F-11D3-BF4B-00C04F79EFBC}") = "Unity.Subsystem.Registration", "Unity.Subsystem.Registration.csproj", "{D8076AF4-BE80-CE50-602C-E6B4CA3D7764}"
EndProject
Project("{FAE04EC0-301F-11D3-BF4B-00C04F79EFBC}") = "UnityEngine.SpatialTracking", "UnityEngine.SpatialTracking.csproj", "{B17491CC-5A44-0643-F961-212CBFADF2B0}"
EndProject
Project("{FAE04EC0-301F-11D3-BF4B-00C04F79EFBC}") = "Unity.XR.Management.Editor", "Unity.XR.Management.Editor.csproj", "{F64C53DB-FE38-81A0-FE7B-201688849147}"
EndProject
Project("{FAE04EC0-301F-11D3-BF4B-00C04F79EFBC}") = "UnityEditor.TestRunner", "UnityEditor.TestRunner.csproj", "{73439528-F906-CA6F-CA69-521C9A1E7A2F}"
EndProject
Project("{FAE04EC0-301F-11D3-BF4B-00C04F79EFBC}") = "Unity.ProBuilder.Editor", "Unity.ProBuilder.Editor.csproj", "{2D456C90-A5ED-4982-7157-21CA479FF8AD}"
EndProject
Project("{FAE04EC0-301F-11D3-BF4B-00C04F79EFBC}") = "UnityEditor.UI", "UnityEditor.UI.csproj", "{53374EF6-65D8-CF20-479E-22346DCBE200}"
EndProject
Project("{FAE04EC0-301F-11D3-BF4B-00C04F79EFBC}") = "Unity.Timeline.Editor", "Unity.Timeline.Editor.csproj", "{F49F180E-16D3-EAF7-FD80-A72E0253D709}"
EndProject
Project("{FAE04EC0-301F-11D3-BF4B-00C04F79EFBC}") = "Unity.VisualStudio.Editor", "Unity.VisualStudio.Editor.csproj", "{FAFA7FE4-7C5C-37EA-B182-497012C4F20D}"
EndProject
Project("{FAE04EC0-301F-11D3-BF4B-00C04F79EFBC}") = "Unity.TextMeshPro.Editor", "Unity.TextMeshPro.Editor.csproj", "{8BB7AF27-27AD-607E-2262-BB584133156C}"
EndProject
Project("{FAE04EC0-301F-11D3-BF4B-00C04F79EFBC}") = "Unity.CollabProxy.Editor", "Unity.CollabProxy.Editor.csproj", "{80A099FA-116A-F1CA-5669-40DA19AAEA9A}"
EndProject
Project("{FAE04EC0-301F-11D3-BF4B-00C04F79EFBC}") = "Unity.Rider.Editor", "Unity.Rider.Editor.csproj", "{107449CA-1AD9-FD41-5F55-AAAA6F1EF2DB}"
EndProject
Project("{FAE04EC0-301F-11D3-BF4B-00C04F79EFBC}") = "Unity.XR.ARKit.Editor", "Unity.XR.ARKit.Editor.csproj", "{51AE981A-0370-B5DA-B13A-BA6F65D5E82F}"
EndProject
Project("{FAE04EC0-301F-11D3-BF4B-00C04F79EFBC}") = "UnityEditor.XR.LegacyInputHelpers", "UnityEditor.XR.LegacyInputHelpers.csproj", "{8C7D8A66-7810-D154-1F24-ECFA6561533E}"
EndProject
Project("{FAE04EC0-301F-11D3-BF4B-00C04F79EFBC}") = "Unity.VSCode.Editor", "Unity.VSCode.Editor.csproj", "{AED87257-C5E6-929F-8A16-318624CDB73A}"
EndProject
Project("{FAE04EC0-301F-11D3-BF4B-00C04F79EFBC}") = "Unity.ProBuilder.AssetIdRemapUtility", "Unity.ProBuilder.AssetIdRemapUtility.csproj", "{F87BCF0D-AE09-E1D4-0DBA-597449678E5D}"
EndProject
Project("{FAE04EC0-301F-11D3-BF4B-00C04F79EFBC}") = "Unity.Settings.Editor", "Unity.Settings.Editor.csproj", "{DAAA77A2-9A33-A9C3-8C8E-6169B4D73E8A}"
EndProject
Project("{FAE04EC0-301F-11D3-BF4B-00C04F79EFBC}") = "UnityEditor.SpatialTracking", "UnityEditor.SpatialTracking.csproj", "{FBDC0665-EEFE-3940-93A9-BFD61EF6F863}"
EndProject
Project("{FAE04EC0-301F-11D3-BF4B-00C04F79EFBC}") = "EditorMigrationScripts", "EditorMigrationScripts.csproj", "{001447E9-A5E8-B225-6D5B-E56ED5A6C321}"
EndProject
Project("{FAE04EC0-301F-11D3-BF4B-00C04F79EFBC}") = "Unity.XR.ARSubsystems.Editor", "Unity.XR.ARSubsystems.Editor.csproj", "{C5DFB897-D420-DB6B-95CD-515D162F13E3}"
EndProject
Project("{FAE04EC0-301F-11D3-BF4B-00C04F79EFBC}") = "Unity.InternalAPIEditorBridge.005", "Unity.InternalAPIEditorBridge.005.csproj", "{FEF3FD5D-17EF-97F3-5662-FC5B665C6115}"
EndProject
Project("{FAE04EC0-301F-11D3-BF4B-00C04F79EFBC}") = "Unity.ProBuilder.AddOns.Editor", "Unity.ProBuilder.AddOns.Editor.csproj", "{D387E799-32A2-4B9D-9E60-65859C761080}"
EndProject
Project("{FAE04EC0-301F-11D3-BF4B-00C04F79EFBC}") = "VuforiaEditorScripts", "VuforiaEditorScripts.csproj", "{C5B37251-9ED9-952A-8947-91EE0D35C750}"
EndProject
Project("{FAE04EC0-301F-11D3-BF4B-00C04F79EFBC}") = "Assembly-CSharp-Editor", "Assembly-CSharp-Editor.csproj", "{79D650FB-29B7-C74A-23CC-9130C5ED5B51}"
EndProject
Project("{FAE04EC0-301F-11D3-BF4B-00C04F79EFBC}") = "Assembly-CSharp-Editor-firstpass", "Assembly-CSharp-Editor-firstpass.csproj", "{5C1F4501-6121-A0D0-C7AE-FA42F794C7C4}"
EndProject
Project("{FAE04EC0-301F-11D3-BF4B-00C04F79EFBC}") = "EnoxSoftware.OpenCVForUnity.Editor", "EnoxSoftware.OpenCVForUnity.Editor.csproj", "{1D136F2F-5CF0-855D-4239-89A9FF7769A5}"
EndProject
Project("{FAE04EC0-301F-11D3-BF4B-00C04F79EFBC}") = "NativeGallery.Editor", "NativeGallery.Editor.csproj", "{598E26D6-C42D-BA9F-D95E-744DB61F63A2}"
EndProject
Project("{FAE04EC0-301F-11D3-BF4B-00C04F79EFBC}") = "EnoxSoftware.OpenCVForUnity", "EnoxSoftware.OpenCVForUnity.Player.csproj", "{304AEE9B-FF07-3E9B-F38C-3109C7382DFA}"
EndProject
Project("{FAE04EC0-301F-11D3-BF4B-00C04F79EFBC}") = "UnityEngine.TestRunner", "UnityEngine.TestRunner.Player.csproj", "{DB6C8233-532B-856B-53EF-46ADE9BAB4EE}"
EndProject
Project("{FAE04EC0-301F-11D3-BF4B-00C04F79EFBC}") = "UnityEngine.XR.LegacyInputHelpers", "UnityEngine.XR.LegacyInputHelpers.Player.csproj", "{04737F4C-96A4-5D66-FCC1-BE81FA44195F}"
EndProject
Project("{FAE04EC0-301F-11D3-BF4B-00C04F79EFBC}") = "Assembly-CSharp", "Assembly-CSharp.Player.csproj", "{F204F80B-667D-BFBC-A9DB-C5EA6324831F}"
EndProject
Project("{FAE04EC0-301F-11D3-BF4B-00C04F79EFBC}") = "Unity.XR.ARKit", "Unity.XR.ARKit.Player.csproj", "{0F29D3C3-0D15-B7E2-66C9-D927C399DF4C}"
EndProject
Project("{FAE04EC0-301F-11D3-BF4B-00C04F79EFBC}") = "Unity.XR.ARSubsystems", "Unity.XR.ARSubsystems.Player.csproj", "{D7BEA817-C562-9B02-C37C-126D9C337D2B}"
EndProject
Project("{FAE04EC0-301F-11D3-BF4B-00C04F79EFBC}") = "Unity.Timeline", "Unity.Timeline.Player.csproj", "{4E41B59C-5AF6-11C6-AC22-5C12F0AE7139}"
EndProject
Project("{FAE04EC0-301F-11D3-BF4B-00C04F79EFBC}") = "UnityEngine.UI", "UnityEngine.UI.Player.csproj", "{BE791AD9-0242-1BBF-A565-5C53707C1962}"
EndProject
Project("{FAE04EC0-301F-11D3-BF4B-00C04F79EFBC}") = "Unity.ProBuilder", "Unity.ProBuilder.Player.csproj", "{0E1DF636-F9A5-201A-45D9-0BA12FC2BE11}"
EndProject
Project("{FAE04EC0-301F-11D3-BF4B-00C04F79EFBC}") = "LeanCommon", "LeanCommon.Player.csproj", "{FE982654-A2B7-5E9C-9FE1-D112AB59A841}"
EndProject
Project("{FAE04EC0-301F-11D3-BF4B-00C04F79EFBC}") = "Unity.TextMeshPro", "Unity.TextMeshPro.Player.csproj", "{A32DBD84-3067-6EF5-FCD4-85AD08E882A5}"
EndProject
Project("{FAE04EC0-301F-11D3-BF4B-00C04F79EFBC}") = "Unity.ProBuilder.Poly2Tri", "Unity.ProBuilder.Poly2Tri.Player.csproj", "{E585BA88-244B-515D-2386-F82AB63532D3}"
EndProject
Project("{FAE04EC0-301F-11D3-BF4B-00C04F79EFBC}") = "LeanTouch", "LeanTouch.Player.csproj", "{30BD25E0-98FB-5808-A7ED-EF162544AE03}"
EndProject
Project("{FAE04EC0-301F-11D3-BF4B-00C04F79EFBC}") = "Unity.XR.Management", "Unity.XR.Management.Player.csproj", "{D472726B-B5DE-C52F-FDED-09B7D58DF7AF}"
EndProject
Project("{FAE04EC0-301F-11D3-BF4B-00C04F79EFBC}") = "VuforiaScripts", "VuforiaScripts.Player.csproj", "{908D5FC9-D874-724D-F247-089682CB16A9}"
EndProject
Project("{FAE04EC0-301F-11D3-BF4B-00C04F79EFBC}") = "NativeGallery.Runtime", "NativeGallery.Runtime.Player.csproj", "{D32B9925-C510-DC51-335D-9C93EDD88884}"
EndProject
Project("{FAE04EC0-301F-11D3-BF4B-00C04F79EFBC}") = "Unity.ProBuilder.Csg", "Unity.ProBuilder.Csg.Player.csproj", "{23E5A80B-B107-0232-FC12-71F50DE01848}"
EndProject
Project("{FAE04EC0-301F-11D3-BF4B-00C04F79EFBC}") = "Assembly-CSharp-firstpass", "Assembly-CSharp-firstpass.Player.csproj", "{F796B775-4892-DFA8-957A-7D51814A33A4}"
EndProject
Project("{FAE04EC0-301F-11D3-BF4B-00C04F79EFBC}") = "Unity.ProBuilder.KdTree", "Unity.ProBuilder.KdTree.Player.csproj", "{98D72845-BB2C-4FE2-E34F-9B7788129D74}"
EndProject
Project("{FAE04EC0-301F-11D3-BF4B-00C04F79EFBC}") = "Unity.ProBuilder.Stl", "Unity.ProBuilder.Stl.Player.csproj", "{E3408A44-AAC3-11AC-6079-EF2442B6FE06}"
EndProject
Project("{FAE04EC0-301F-11D3-BF4B-00C04F79EFBC}") = "Unity.Subsystem.Registration", "Unity.Subsystem.Registration.Player.csproj", "{3D73E3DD-DAF4-C5B1-B4CB-1484944CE1D3}"
EndProject
Project("{FAE04EC0-301F-11D3-BF4B-00C04F79EFBC}") = "UnityEngine.SpatialTracking", "UnityEngine.SpatialTracking.Player.csproj", "{2665E9C3-2158-AA43-8467-AC60F5612A5E}"
EndProject
Global
	GlobalSection(SolutionConfigurationPlatforms) = preSolution
		Debug|Any CPU = Debug|Any CPU
		Release|Any CPU = Release|Any CPU
	EndGlobalSection
	GlobalSection(ProjectConfigurationPlatforms) = postSolution
		{D907E3B8-DB86-1512-0D50-0BDB0B6DCDE5}.Debug|Any CPU.ActiveCfg = Debug|Any CPU
		{D907E3B8-DB86-1512-0D50-0BDB0B6DCDE5}.Debug|Any CPU.Build.0 = Debug|Any CPU
		{D907E3B8-DB86-1512-0D50-0BDB0B6DCDE5}.Release|Any CPU.ActiveCfg = Release|Any CPU
		{D907E3B8-DB86-1512-0D50-0BDB0B6DCDE5}.Release|Any CPU.Build.0 = Release|Any CPU
		{91B92715-5B36-631E-AAFE-13D7878EA896}.Debug|Any CPU.ActiveCfg = Debug|Any CPU
		{91B92715-5B36-631E-AAFE-13D7878EA896}.Debug|Any CPU.Build.0 = Debug|Any CPU
		{91B92715-5B36-631E-AAFE-13D7878EA896}.Release|Any CPU.ActiveCfg = Release|Any CPU
		{91B92715-5B36-631E-AAFE-13D7878EA896}.Release|Any CPU.Build.0 = Release|Any CPU
		{50EC5E29-9BDA-3E64-30A7-62E3DE123DDB}.Debug|Any CPU.ActiveCfg = Debug|Any CPU
		{50EC5E29-9BDA-3E64-30A7-62E3DE123DDB}.Debug|Any CPU.Build.0 = Debug|Any CPU
		{50EC5E29-9BDA-3E64-30A7-62E3DE123DDB}.Release|Any CPU.ActiveCfg = Release|Any CPU
		{50EC5E29-9BDA-3E64-30A7-62E3DE123DDB}.Release|Any CPU.Build.0 = Release|Any CPU
		{47606EA0-7579-1470-B3C1-4A64C96D5C54}.Debug|Any CPU.ActiveCfg = Debug|Any CPU
		{47606EA0-7579-1470-B3C1-4A64C96D5C54}.Debug|Any CPU.Build.0 = Debug|Any CPU
		{47606EA0-7579-1470-B3C1-4A64C96D5C54}.Release|Any CPU.ActiveCfg = Release|Any CPU
		{47606EA0-7579-1470-B3C1-4A64C96D5C54}.Release|Any CPU.Build.0 = Release|Any CPU
		{719AF117-3FFF-1739-3F03-164E74334BB9}.Debug|Any CPU.ActiveCfg = Debug|Any CPU
		{719AF117-3FFF-1739-3F03-164E74334BB9}.Debug|Any CPU.Build.0 = Debug|Any CPU
		{719AF117-3FFF-1739-3F03-164E74334BB9}.Release|Any CPU.ActiveCfg = Release|Any CPU
		{719AF117-3FFF-1739-3F03-164E74334BB9}.Release|Any CPU.Build.0 = Release|Any CPU
		{372016D5-F56C-BC3A-4C47-B8D563409033}.Debug|Any CPU.ActiveCfg = Debug|Any CPU
		{372016D5-F56C-BC3A-4C47-B8D563409033}.Debug|Any CPU.Build.0 = Debug|Any CPU
		{372016D5-F56C-BC3A-4C47-B8D563409033}.Release|Any CPU.ActiveCfg = Release|Any CPU
		{372016D5-F56C-BC3A-4C47-B8D563409033}.Release|Any CPU.Build.0 = Release|Any CPU
		{4BC5D974-F15B-8813-4712-B200DB4CE358}.Debug|Any CPU.ActiveCfg = Debug|Any CPU
		{4BC5D974-F15B-8813-4712-B200DB4CE358}.Debug|Any CPU.Build.0 = Debug|Any CPU
		{4BC5D974-F15B-8813-4712-B200DB4CE358}.Release|Any CPU.ActiveCfg = Release|Any CPU
		{4BC5D974-F15B-8813-4712-B200DB4CE358}.Release|Any CPU.Build.0 = Release|Any CPU
		{0898274C-9C99-648F-BA3F-203C00B1C40D}.Debug|Any CPU.ActiveCfg = Debug|Any CPU
		{0898274C-9C99-648F-BA3F-203C00B1C40D}.Debug|Any CPU.Build.0 = Debug|Any CPU
		{0898274C-9C99-648F-BA3F-203C00B1C40D}.Release|Any CPU.ActiveCfg = Release|Any CPU
		{0898274C-9C99-648F-BA3F-203C00B1C40D}.Release|Any CPU.Build.0 = Release|Any CPU
		{565E34C5-488E-F124-CFFE-AD351B4C627B}.Debug|Any CPU.ActiveCfg = Debug|Any CPU
		{565E34C5-488E-F124-CFFE-AD351B4C627B}.Debug|Any CPU.Build.0 = Debug|Any CPU
		{565E34C5-488E-F124-CFFE-AD351B4C627B}.Release|Any CPU.ActiveCfg = Release|Any CPU
		{565E34C5-488E-F124-CFFE-AD351B4C627B}.Release|Any CPU.Build.0 = Release|Any CPU
		{CB57D0F1-2208-BE3C-939A-0708DF46746D}.Debug|Any CPU.ActiveCfg = Debug|Any CPU
		{CB57D0F1-2208-BE3C-939A-0708DF46746D}.Debug|Any CPU.Build.0 = Debug|Any CPU
		{CB57D0F1-2208-BE3C-939A-0708DF46746D}.Release|Any CPU.ActiveCfg = Release|Any CPU
		{CB57D0F1-2208-BE3C-939A-0708DF46746D}.Release|Any CPU.Build.0 = Release|Any CPU
		{26465EE5-4EC4-C81F-C2A3-61DADFAB0BD6}.Debug|Any CPU.ActiveCfg = Debug|Any CPU
		{26465EE5-4EC4-C81F-C2A3-61DADFAB0BD6}.Debug|Any CPU.Build.0 = Debug|Any CPU
		{26465EE5-4EC4-C81F-C2A3-61DADFAB0BD6}.Release|Any CPU.ActiveCfg = Release|Any CPU
		{26465EE5-4EC4-C81F-C2A3-61DADFAB0BD6}.Release|Any CPU.Build.0 = Release|Any CPU
		{58C329B9-9489-CB98-0908-20E55FA3E830}.Debug|Any CPU.ActiveCfg = Debug|Any CPU
		{58C329B9-9489-CB98-0908-20E55FA3E830}.Debug|Any CPU.Build.0 = Debug|Any CPU
		{58C329B9-9489-CB98-0908-20E55FA3E830}.Release|Any CPU.ActiveCfg = Release|Any CPU
		{58C329B9-9489-CB98-0908-20E55FA3E830}.Release|Any CPU.Build.0 = Release|Any CPU
		{EE0ACB51-0C32-EBCA-0756-1043FEBCEE62}.Debug|Any CPU.ActiveCfg = Debug|Any CPU
		{EE0ACB51-0C32-EBCA-0756-1043FEBCEE62}.Debug|Any CPU.Build.0 = Debug|Any CPU
		{EE0ACB51-0C32-EBCA-0756-1043FEBCEE62}.Release|Any CPU.ActiveCfg = Release|Any CPU
		{EE0ACB51-0C32-EBCA-0756-1043FEBCEE62}.Release|Any CPU.Build.0 = Release|Any CPU
		{50042142-EF92-139A-1575-3C0F073E03C3}.Debug|Any CPU.ActiveCfg = Debug|Any CPU
		{50042142-EF92-139A-1575-3C0F073E03C3}.Debug|Any CPU.Build.0 = Debug|Any CPU
		{50042142-EF92-139A-1575-3C0F073E03C3}.Release|Any CPU.ActiveCfg = Release|Any CPU
		{50042142-EF92-139A-1575-3C0F073E03C3}.Release|Any CPU.Build.0 = Release|Any CPU
		{B4B4DAA4-5821-0804-587F-401261A3FDBF}.Debug|Any CPU.ActiveCfg = Debug|Any CPU
		{B4B4DAA4-5821-0804-587F-401261A3FDBF}.Debug|Any CPU.Build.0 = Debug|Any CPU
		{B4B4DAA4-5821-0804-587F-401261A3FDBF}.Release|Any CPU.ActiveCfg = Release|Any CPU
		{B4B4DAA4-5821-0804-587F-401261A3FDBF}.Release|Any CPU.Build.0 = Release|Any CPU
		{4A8A6CC4-962F-9C75-E7F3-2D512BF6F73A}.Debug|Any CPU.ActiveCfg = Debug|Any CPU
		{4A8A6CC4-962F-9C75-E7F3-2D512BF6F73A}.Debug|Any CPU.Build.0 = Debug|Any CPU
		{4A8A6CC4-962F-9C75-E7F3-2D512BF6F73A}.Release|Any CPU.ActiveCfg = Release|Any CPU
		{4A8A6CC4-962F-9C75-E7F3-2D512BF6F73A}.Release|Any CPU.Build.0 = Release|Any CPU
		{838FC7C6-7215-3BB8-4896-62276E236D9E}.Debug|Any CPU.ActiveCfg = Debug|Any CPU
		{838FC7C6-7215-3BB8-4896-62276E236D9E}.Debug|Any CPU.Build.0 = Debug|Any CPU
		{838FC7C6-7215-3BB8-4896-62276E236D9E}.Release|Any CPU.ActiveCfg = Release|Any CPU
		{838FC7C6-7215-3BB8-4896-62276E236D9E}.Release|Any CPU.Build.0 = Release|Any CPU
		{CC4D6F96-571A-A0BC-9FB3-804537254273}.Debug|Any CPU.ActiveCfg = Debug|Any CPU
		{CC4D6F96-571A-A0BC-9FB3-804537254273}.Debug|Any CPU.Build.0 = Debug|Any CPU
		{CC4D6F96-571A-A0BC-9FB3-804537254273}.Release|Any CPU.ActiveCfg = Release|Any CPU
		{CC4D6F96-571A-A0BC-9FB3-804537254273}.Release|Any CPU.Build.0 = Release|Any CPU
		{CDD60E18-5F28-CC3F-9111-89BF5B1844A5}.Debug|Any CPU.ActiveCfg = Debug|Any CPU
		{CDD60E18-5F28-CC3F-9111-89BF5B1844A5}.Debug|Any CPU.Build.0 = Debug|Any CPU
		{CDD60E18-5F28-CC3F-9111-89BF5B1844A5}.Release|Any CPU.ActiveCfg = Release|Any CPU
		{CDD60E18-5F28-CC3F-9111-89BF5B1844A5}.Release|Any CPU.Build.0 = Release|Any CPU
		{71CE0F4B-1DA4-904A-6B27-B0DD49D8C933}.Debug|Any CPU.ActiveCfg = Debug|Any CPU
		{71CE0F4B-1DA4-904A-6B27-B0DD49D8C933}.Debug|Any CPU.Build.0 = Debug|Any CPU
		{71CE0F4B-1DA4-904A-6B27-B0DD49D8C933}.Release|Any CPU.ActiveCfg = Release|Any CPU
		{71CE0F4B-1DA4-904A-6B27-B0DD49D8C933}.Release|Any CPU.Build.0 = Release|Any CPU
		{D8076AF4-BE80-CE50-602C-E6B4CA3D7764}.Debug|Any CPU.ActiveCfg = Debug|Any CPU
		{D8076AF4-BE80-CE50-602C-E6B4CA3D7764}.Debug|Any CPU.Build.0 = Debug|Any CPU
		{D8076AF4-BE80-CE50-602C-E6B4CA3D7764}.Release|Any CPU.ActiveCfg = Release|Any CPU
		{D8076AF4-BE80-CE50-602C-E6B4CA3D7764}.Release|Any CPU.Build.0 = Release|Any CPU
		{B17491CC-5A44-0643-F961-212CBFADF2B0}.Debug|Any CPU.ActiveCfg = Debug|Any CPU
		{B17491CC-5A44-0643-F961-212CBFADF2B0}.Debug|Any CPU.Build.0 = Debug|Any CPU
		{B17491CC-5A44-0643-F961-212CBFADF2B0}.Release|Any CPU.ActiveCfg = Release|Any CPU
		{B17491CC-5A44-0643-F961-212CBFADF2B0}.Release|Any CPU.Build.0 = Release|Any CPU
		{F64C53DB-FE38-81A0-FE7B-201688849147}.Debug|Any CPU.ActiveCfg = Debug|Any CPU
		{F64C53DB-FE38-81A0-FE7B-201688849147}.Debug|Any CPU.Build.0 = Debug|Any CPU
		{F64C53DB-FE38-81A0-FE7B-201688849147}.Release|Any CPU.ActiveCfg = Release|Any CPU
		{F64C53DB-FE38-81A0-FE7B-201688849147}.Release|Any CPU.Build.0 = Release|Any CPU
		{73439528-F906-CA6F-CA69-521C9A1E7A2F}.Debug|Any CPU.ActiveCfg = Debug|Any CPU
		{73439528-F906-CA6F-CA69-521C9A1E7A2F}.Debug|Any CPU.Build.0 = Debug|Any CPU
		{73439528-F906-CA6F-CA69-521C9A1E7A2F}.Release|Any CPU.ActiveCfg = Release|Any CPU
		{73439528-F906-CA6F-CA69-521C9A1E7A2F}.Release|Any CPU.Build.0 = Release|Any CPU
		{2D456C90-A5ED-4982-7157-21CA479FF8AD}.Debug|Any CPU.ActiveCfg = Debug|Any CPU
		{2D456C90-A5ED-4982-7157-21CA479FF8AD}.Debug|Any CPU.Build.0 = Debug|Any CPU
		{2D456C90-A5ED-4982-7157-21CA479FF8AD}.Release|Any CPU.ActiveCfg = Release|Any CPU
		{2D456C90-A5ED-4982-7157-21CA479FF8AD}.Release|Any CPU.Build.0 = Release|Any CPU
		{53374EF6-65D8-CF20-479E-22346DCBE200}.Debug|Any CPU.ActiveCfg = Debug|Any CPU
		{53374EF6-65D8-CF20-479E-22346DCBE200}.Debug|Any CPU.Build.0 = Debug|Any CPU
		{53374EF6-65D8-CF20-479E-22346DCBE200}.Release|Any CPU.ActiveCfg = Release|Any CPU
		{53374EF6-65D8-CF20-479E-22346DCBE200}.Release|Any CPU.Build.0 = Release|Any CPU
		{F49F180E-16D3-EAF7-FD80-A72E0253D709}.Debug|Any CPU.ActiveCfg = Debug|Any CPU
		{F49F180E-16D3-EAF7-FD80-A72E0253D709}.Debug|Any CPU.Build.0 = Debug|Any CPU
		{F49F180E-16D3-EAF7-FD80-A72E0253D709}.Release|Any CPU.ActiveCfg = Release|Any CPU
		{F49F180E-16D3-EAF7-FD80-A72E0253D709}.Release|Any CPU.Build.0 = Release|Any CPU
		{FAFA7FE4-7C5C-37EA-B182-497012C4F20D}.Debug|Any CPU.ActiveCfg = Debug|Any CPU
		{FAFA7FE4-7C5C-37EA-B182-497012C4F20D}.Debug|Any CPU.Build.0 = Debug|Any CPU
		{FAFA7FE4-7C5C-37EA-B182-497012C4F20D}.Release|Any CPU.ActiveCfg = Release|Any CPU
		{FAFA7FE4-7C5C-37EA-B182-497012C4F20D}.Release|Any CPU.Build.0 = Release|Any CPU
		{8BB7AF27-27AD-607E-2262-BB584133156C}.Debug|Any CPU.ActiveCfg = Debug|Any CPU
		{8BB7AF27-27AD-607E-2262-BB584133156C}.Debug|Any CPU.Build.0 = Debug|Any CPU
		{8BB7AF27-27AD-607E-2262-BB584133156C}.Release|Any CPU.ActiveCfg = Release|Any CPU
		{8BB7AF27-27AD-607E-2262-BB584133156C}.Release|Any CPU.Build.0 = Release|Any CPU
		{80A099FA-116A-F1CA-5669-40DA19AAEA9A}.Debug|Any CPU.ActiveCfg = Debug|Any CPU
		{80A099FA-116A-F1CA-5669-40DA19AAEA9A}.Debug|Any CPU.Build.0 = Debug|Any CPU
		{80A099FA-116A-F1CA-5669-40DA19AAEA9A}.Release|Any CPU.ActiveCfg = Release|Any CPU
		{80A099FA-116A-F1CA-5669-40DA19AAEA9A}.Release|Any CPU.Build.0 = Release|Any CPU
		{107449CA-1AD9-FD41-5F55-AAAA6F1EF2DB}.Debug|Any CPU.ActiveCfg = Debug|Any CPU
		{107449CA-1AD9-FD41-5F55-AAAA6F1EF2DB}.Debug|Any CPU.Build.0 = Debug|Any CPU
		{107449CA-1AD9-FD41-5F55-AAAA6F1EF2DB}.Release|Any CPU.ActiveCfg = Release|Any CPU
		{107449CA-1AD9-FD41-5F55-AAAA6F1EF2DB}.Release|Any CPU.Build.0 = Release|Any CPU
		{51AE981A-0370-B5DA-B13A-BA6F65D5E82F}.Debug|Any CPU.ActiveCfg = Debug|Any CPU
		{51AE981A-0370-B5DA-B13A-BA6F65D5E82F}.Debug|Any CPU.Build.0 = Debug|Any CPU
		{51AE981A-0370-B5DA-B13A-BA6F65D5E82F}.Release|Any CPU.ActiveCfg = Release|Any CPU
		{51AE981A-0370-B5DA-B13A-BA6F65D5E82F}.Release|Any CPU.Build.0 = Release|Any CPU
		{8C7D8A66-7810-D154-1F24-ECFA6561533E}.Debug|Any CPU.ActiveCfg = Debug|Any CPU
		{8C7D8A66-7810-D154-1F24-ECFA6561533E}.Debug|Any CPU.Build.0 = Debug|Any CPU
		{8C7D8A66-7810-D154-1F24-ECFA6561533E}.Release|Any CPU.ActiveCfg = Release|Any CPU
		{8C7D8A66-7810-D154-1F24-ECFA6561533E}.Release|Any CPU.Build.0 = Release|Any CPU
		{AED87257-C5E6-929F-8A16-318624CDB73A}.Debug|Any CPU.ActiveCfg = Debug|Any CPU
		{AED87257-C5E6-929F-8A16-318624CDB73A}.Debug|Any CPU.Build.0 = Debug|Any CPU
		{AED87257-C5E6-929F-8A16-318624CDB73A}.Release|Any CPU.ActiveCfg = Release|Any CPU
		{AED87257-C5E6-929F-8A16-318624CDB73A}.Release|Any CPU.Build.0 = Release|Any CPU
		{F87BCF0D-AE09-E1D4-0DBA-597449678E5D}.Debug|Any CPU.ActiveCfg = Debug|Any CPU
		{F87BCF0D-AE09-E1D4-0DBA-597449678E5D}.Debug|Any CPU.Build.0 = Debug|Any CPU
		{F87BCF0D-AE09-E1D4-0DBA-597449678E5D}.Release|Any CPU.ActiveCfg = Release|Any CPU
		{F87BCF0D-AE09-E1D4-0DBA-597449678E5D}.Release|Any CPU.Build.0 = Release|Any CPU
		{DAAA77A2-9A33-A9C3-8C8E-6169B4D73E8A}.Debug|Any CPU.ActiveCfg = Debug|Any CPU
		{DAAA77A2-9A33-A9C3-8C8E-6169B4D73E8A}.Debug|Any CPU.Build.0 = Debug|Any CPU
		{DAAA77A2-9A33-A9C3-8C8E-6169B4D73E8A}.Release|Any CPU.ActiveCfg = Release|Any CPU
		{DAAA77A2-9A33-A9C3-8C8E-6169B4D73E8A}.Release|Any CPU.Build.0 = Release|Any CPU
		{FBDC0665-EEFE-3940-93A9-BFD61EF6F863}.Debug|Any CPU.ActiveCfg = Debug|Any CPU
		{FBDC0665-EEFE-3940-93A9-BFD61EF6F863}.Debug|Any CPU.Build.0 = Debug|Any CPU
		{FBDC0665-EEFE-3940-93A9-BFD61EF6F863}.Release|Any CPU.ActiveCfg = Release|Any CPU
		{FBDC0665-EEFE-3940-93A9-BFD61EF6F863}.Release|Any CPU.Build.0 = Release|Any CPU
		{001447E9-A5E8-B225-6D5B-E56ED5A6C321}.Debug|Any CPU.ActiveCfg = Debug|Any CPU
		{001447E9-A5E8-B225-6D5B-E56ED5A6C321}.Debug|Any CPU.Build.0 = Debug|Any CPU
		{001447E9-A5E8-B225-6D5B-E56ED5A6C321}.Release|Any CPU.ActiveCfg = Release|Any CPU
		{001447E9-A5E8-B225-6D5B-E56ED5A6C321}.Release|Any CPU.Build.0 = Release|Any CPU
		{C5DFB897-D420-DB6B-95CD-515D162F13E3}.Debug|Any CPU.ActiveCfg = Debug|Any CPU
		{C5DFB897-D420-DB6B-95CD-515D162F13E3}.Debug|Any CPU.Build.0 = Debug|Any CPU
		{C5DFB897-D420-DB6B-95CD-515D162F13E3}.Release|Any CPU.ActiveCfg = Release|Any CPU
		{C5DFB897-D420-DB6B-95CD-515D162F13E3}.Release|Any CPU.Build.0 = Release|Any CPU
		{FEF3FD5D-17EF-97F3-5662-FC5B665C6115}.Debug|Any CPU.ActiveCfg = Debug|Any CPU
		{FEF3FD5D-17EF-97F3-5662-FC5B665C6115}.Debug|Any CPU.Build.0 = Debug|Any CPU
		{FEF3FD5D-17EF-97F3-5662-FC5B665C6115}.Release|Any CPU.ActiveCfg = Release|Any CPU
		{FEF3FD5D-17EF-97F3-5662-FC5B665C6115}.Release|Any CPU.Build.0 = Release|Any CPU
		{D387E799-32A2-4B9D-9E60-65859C761080}.Debug|Any CPU.ActiveCfg = Debug|Any CPU
		{D387E799-32A2-4B9D-9E60-65859C761080}.Debug|Any CPU.Build.0 = Debug|Any CPU
		{D387E799-32A2-4B9D-9E60-65859C761080}.Release|Any CPU.ActiveCfg = Release|Any CPU
		{D387E799-32A2-4B9D-9E60-65859C761080}.Release|Any CPU.Build.0 = Release|Any CPU
		{C5B37251-9ED9-952A-8947-91EE0D35C750}.Debug|Any CPU.ActiveCfg = Debug|Any CPU
		{C5B37251-9ED9-952A-8947-91EE0D35C750}.Debug|Any CPU.Build.0 = Debug|Any CPU
		{C5B37251-9ED9-952A-8947-91EE0D35C750}.Release|Any CPU.ActiveCfg = Release|Any CPU
		{C5B37251-9ED9-952A-8947-91EE0D35C750}.Release|Any CPU.Build.0 = Release|Any CPU
		{79D650FB-29B7-C74A-23CC-9130C5ED5B51}.Debug|Any CPU.ActiveCfg = Debug|Any CPU
		{79D650FB-29B7-C74A-23CC-9130C5ED5B51}.Debug|Any CPU.Build.0 = Debug|Any CPU
		{79D650FB-29B7-C74A-23CC-9130C5ED5B51}.Release|Any CPU.ActiveCfg = Release|Any CPU
		{79D650FB-29B7-C74A-23CC-9130C5ED5B51}.Release|Any CPU.Build.0 = Release|Any CPU
		{5C1F4501-6121-A0D0-C7AE-FA42F794C7C4}.Debug|Any CPU.ActiveCfg = Debug|Any CPU
		{5C1F4501-6121-A0D0-C7AE-FA42F794C7C4}.Debug|Any CPU.Build.0 = Debug|Any CPU
		{5C1F4501-6121-A0D0-C7AE-FA42F794C7C4}.Release|Any CPU.ActiveCfg = Release|Any CPU
		{5C1F4501-6121-A0D0-C7AE-FA42F794C7C4}.Release|Any CPU.Build.0 = Release|Any CPU
		{1D136F2F-5CF0-855D-4239-89A9FF7769A5}.Debug|Any CPU.ActiveCfg = Debug|Any CPU
		{1D136F2F-5CF0-855D-4239-89A9FF7769A5}.Debug|Any CPU.Build.0 = Debug|Any CPU
		{1D136F2F-5CF0-855D-4239-89A9FF7769A5}.Release|Any CPU.ActiveCfg = Release|Any CPU
		{1D136F2F-5CF0-855D-4239-89A9FF7769A5}.Release|Any CPU.Build.0 = Release|Any CPU
		{598E26D6-C42D-BA9F-D95E-744DB61F63A2}.Debug|Any CPU.ActiveCfg = Debug|Any CPU
		{598E26D6-C42D-BA9F-D95E-744DB61F63A2}.Debug|Any CPU.Build.0 = Debug|Any CPU
		{598E26D6-C42D-BA9F-D95E-744DB61F63A2}.Release|Any CPU.ActiveCfg = Release|Any CPU
		{598E26D6-C42D-BA9F-D95E-744DB61F63A2}.Release|Any CPU.Build.0 = Release|Any CPU
		{304AEE9B-FF07-3E9B-F38C-3109C7382DFA}.Debug|Any CPU.ActiveCfg = Debug|Any CPU
		{304AEE9B-FF07-3E9B-F38C-3109C7382DFA}.Debug|Any CPU.Build.0 = Debug|Any CPU
		{304AEE9B-FF07-3E9B-F38C-3109C7382DFA}.Release|Any CPU.ActiveCfg = Release|Any CPU
		{304AEE9B-FF07-3E9B-F38C-3109C7382DFA}.Release|Any CPU.Build.0 = Release|Any CPU
		{DB6C8233-532B-856B-53EF-46ADE9BAB4EE}.Debug|Any CPU.ActiveCfg = Debug|Any CPU
		{DB6C8233-532B-856B-53EF-46ADE9BAB4EE}.Debug|Any CPU.Build.0 = Debug|Any CPU
		{DB6C8233-532B-856B-53EF-46ADE9BAB4EE}.Release|Any CPU.ActiveCfg = Release|Any CPU
		{DB6C8233-532B-856B-53EF-46ADE9BAB4EE}.Release|Any CPU.Build.0 = Release|Any CPU
		{04737F4C-96A4-5D66-FCC1-BE81FA44195F}.Debug|Any CPU.ActiveCfg = Debug|Any CPU
		{04737F4C-96A4-5D66-FCC1-BE81FA44195F}.Debug|Any CPU.Build.0 = Debug|Any CPU
		{04737F4C-96A4-5D66-FCC1-BE81FA44195F}.Release|Any CPU.ActiveCfg = Release|Any CPU
		{04737F4C-96A4-5D66-FCC1-BE81FA44195F}.Release|Any CPU.Build.0 = Release|Any CPU
		{F204F80B-667D-BFBC-A9DB-C5EA6324831F}.Debug|Any CPU.ActiveCfg = Debug|Any CPU
		{F204F80B-667D-BFBC-A9DB-C5EA6324831F}.Debug|Any CPU.Build.0 = Debug|Any CPU
		{F204F80B-667D-BFBC-A9DB-C5EA6324831F}.Release|Any CPU.ActiveCfg = Release|Any CPU
		{F204F80B-667D-BFBC-A9DB-C5EA6324831F}.Release|Any CPU.Build.0 = Release|Any CPU
		{0F29D3C3-0D15-B7E2-66C9-D927C399DF4C}.Debug|Any CPU.ActiveCfg = Debug|Any CPU
		{0F29D3C3-0D15-B7E2-66C9-D927C399DF4C}.Debug|Any CPU.Build.0 = Debug|Any CPU
		{0F29D3C3-0D15-B7E2-66C9-D927C399DF4C}.Release|Any CPU.ActiveCfg = Release|Any CPU
		{0F29D3C3-0D15-B7E2-66C9-D927C399DF4C}.Release|Any CPU.Build.0 = Release|Any CPU
		{D7BEA817-C562-9B02-C37C-126D9C337D2B}.Debug|Any CPU.ActiveCfg = Debug|Any CPU
		{D7BEA817-C562-9B02-C37C-126D9C337D2B}.Debug|Any CPU.Build.0 = Debug|Any CPU
		{D7BEA817-C562-9B02-C37C-126D9C337D2B}.Release|Any CPU.ActiveCfg = Release|Any CPU
		{D7BEA817-C562-9B02-C37C-126D9C337D2B}.Release|Any CPU.Build.0 = Release|Any CPU
		{4E41B59C-5AF6-11C6-AC22-5C12F0AE7139}.Debug|Any CPU.ActiveCfg = Debug|Any CPU
		{4E41B59C-5AF6-11C6-AC22-5C12F0AE7139}.Debug|Any CPU.Build.0 = Debug|Any CPU
		{4E41B59C-5AF6-11C6-AC22-5C12F0AE7139}.Release|Any CPU.ActiveCfg = Release|Any CPU
		{4E41B59C-5AF6-11C6-AC22-5C12F0AE7139}.Release|Any CPU.Build.0 = Release|Any CPU
		{BE791AD9-0242-1BBF-A565-5C53707C1962}.Debug|Any CPU.ActiveCfg = Debug|Any CPU
		{BE791AD9-0242-1BBF-A565-5C53707C1962}.Debug|Any CPU.Build.0 = Debug|Any CPU
		{BE791AD9-0242-1BBF-A565-5C53707C1962}.Release|Any CPU.ActiveCfg = Release|Any CPU
		{BE791AD9-0242-1BBF-A565-5C53707C1962}.Release|Any CPU.Build.0 = Release|Any CPU
		{0E1DF636-F9A5-201A-45D9-0BA12FC2BE11}.Debug|Any CPU.ActiveCfg = Debug|Any CPU
		{0E1DF636-F9A5-201A-45D9-0BA12FC2BE11}.Debug|Any CPU.Build.0 = Debug|Any CPU
		{0E1DF636-F9A5-201A-45D9-0BA12FC2BE11}.Release|Any CPU.ActiveCfg = Release|Any CPU
		{0E1DF636-F9A5-201A-45D9-0BA12FC2BE11}.Release|Any CPU.Build.0 = Release|Any CPU
		{FE982654-A2B7-5E9C-9FE1-D112AB59A841}.Debug|Any CPU.ActiveCfg = Debug|Any CPU
		{FE982654-A2B7-5E9C-9FE1-D112AB59A841}.Debug|Any CPU.Build.0 = Debug|Any CPU
		{FE982654-A2B7-5E9C-9FE1-D112AB59A841}.Release|Any CPU.ActiveCfg = Release|Any CPU
		{FE982654-A2B7-5E9C-9FE1-D112AB59A841}.Release|Any CPU.Build.0 = Release|Any CPU
		{A32DBD84-3067-6EF5-FCD4-85AD08E882A5}.Debug|Any CPU.ActiveCfg = Debug|Any CPU
		{A32DBD84-3067-6EF5-FCD4-85AD08E882A5}.Debug|Any CPU.Build.0 = Debug|Any CPU
		{A32DBD84-3067-6EF5-FCD4-85AD08E882A5}.Release|Any CPU.ActiveCfg = Release|Any CPU
		{A32DBD84-3067-6EF5-FCD4-85AD08E882A5}.Release|Any CPU.Build.0 = Release|Any CPU
		{E585BA88-244B-515D-2386-F82AB63532D3}.Debug|Any CPU.ActiveCfg = Debug|Any CPU
		{E585BA88-244B-515D-2386-F82AB63532D3}.Debug|Any CPU.Build.0 = Debug|Any CPU
		{E585BA88-244B-515D-2386-F82AB63532D3}.Release|Any CPU.ActiveCfg = Release|Any CPU
		{E585BA88-244B-515D-2386-F82AB63532D3}.Release|Any CPU.Build.0 = Release|Any CPU
		{30BD25E0-98FB-5808-A7ED-EF162544AE03}.Debug|Any CPU.ActiveCfg = Debug|Any CPU
		{30BD25E0-98FB-5808-A7ED-EF162544AE03}.Debug|Any CPU.Build.0 = Debug|Any CPU
		{30BD25E0-98FB-5808-A7ED-EF162544AE03}.Release|Any CPU.ActiveCfg = Release|Any CPU
		{30BD25E0-98FB-5808-A7ED-EF162544AE03}.Release|Any CPU.Build.0 = Release|Any CPU
		{D472726B-B5DE-C52F-FDED-09B7D58DF7AF}.Debug|Any CPU.ActiveCfg = Debug|Any CPU
		{D472726B-B5DE-C52F-FDED-09B7D58DF7AF}.Debug|Any CPU.Build.0 = Debug|Any CPU
		{D472726B-B5DE-C52F-FDED-09B7D58DF7AF}.Release|Any CPU.ActiveCfg = Release|Any CPU
		{D472726B-B5DE-C52F-FDED-09B7D58DF7AF}.Release|Any CPU.Build.0 = Release|Any CPU
		{908D5FC9-D874-724D-F247-089682CB16A9}.Debug|Any CPU.ActiveCfg = Debug|Any CPU
		{908D5FC9-D874-724D-F247-089682CB16A9}.Debug|Any CPU.Build.0 = Debug|Any CPU
		{908D5FC9-D874-724D-F247-089682CB16A9}.Release|Any CPU.ActiveCfg = Release|Any CPU
		{908D5FC9-D874-724D-F247-089682CB16A9}.Release|Any CPU.Build.0 = Release|Any CPU
		{D32B9925-C510-DC51-335D-9C93EDD88884}.Debug|Any CPU.ActiveCfg = Debug|Any CPU
		{D32B9925-C510-DC51-335D-9C93EDD88884}.Debug|Any CPU.Build.0 = Debug|Any CPU
		{D32B9925-C510-DC51-335D-9C93EDD88884}.Release|Any CPU.ActiveCfg = Release|Any CPU
		{D32B9925-C510-DC51-335D-9C93EDD88884}.Release|Any CPU.Build.0 = Release|Any CPU
		{23E5A80B-B107-0232-FC12-71F50DE01848}.Debug|Any CPU.ActiveCfg = Debug|Any CPU
		{23E5A80B-B107-0232-FC12-71F50DE01848}.Debug|Any CPU.Build.0 = Debug|Any CPU
		{23E5A80B-B107-0232-FC12-71F50DE01848}.Release|Any CPU.ActiveCfg = Release|Any CPU
		{23E5A80B-B107-0232-FC12-71F50DE01848}.Release|Any CPU.Build.0 = Release|Any CPU
		{F796B775-4892-DFA8-957A-7D51814A33A4}.Debug|Any CPU.ActiveCfg = Debug|Any CPU
		{F796B775-4892-DFA8-957A-7D51814A33A4}.Debug|Any CPU.Build.0 = Debug|Any CPU
		{F796B775-4892-DFA8-957A-7D51814A33A4}.Release|Any CPU.ActiveCfg = Release|Any CPU
		{F796B775-4892-DFA8-957A-7D51814A33A4}.Release|Any CPU.Build.0 = Release|Any CPU
		{98D72845-BB2C-4FE2-E34F-9B7788129D74}.Debug|Any CPU.ActiveCfg = Debug|Any CPU
		{98D72845-BB2C-4FE2-E34F-9B7788129D74}.Debug|Any CPU.Build.0 = Debug|Any CPU
		{98D72845-BB2C-4FE2-E34F-9B7788129D74}.Release|Any CPU.ActiveCfg = Release|Any CPU
		{98D72845-BB2C-4FE2-E34F-9B7788129D74}.Release|Any CPU.Build.0 = Release|Any CPU
		{E3408A44-AAC3-11AC-6079-EF2442B6FE06}.Debug|Any CPU.ActiveCfg = Debug|Any CPU
		{E3408A44-AAC3-11AC-6079-EF2442B6FE06}.Debug|Any CPU.Build.0 = Debug|Any CPU
		{E3408A44-AAC3-11AC-6079-EF2442B6FE06}.Release|Any CPU.ActiveCfg = Release|Any CPU
		{E3408A44-AAC3-11AC-6079-EF2442B6FE06}.Release|Any CPU.Build.0 = Release|Any CPU
		{3D73E3DD-DAF4-C5B1-B4CB-1484944CE1D3}.Debug|Any CPU.ActiveCfg = Debug|Any CPU
		{3D73E3DD-DAF4-C5B1-B4CB-1484944CE1D3}.Debug|Any CPU.Build.0 = Debug|Any CPU
		{3D73E3DD-DAF4-C5B1-B4CB-1484944CE1D3}.Release|Any CPU.ActiveCfg = Release|Any CPU
		{3D73E3DD-DAF4-C5B1-B4CB-1484944CE1D3}.Release|Any CPU.Build.0 = Release|Any CPU
		{2665E9C3-2158-AA43-8467-AC60F5612A5E}.Debug|Any CPU.ActiveCfg = Debug|Any CPU
		{2665E9C3-2158-AA43-8467-AC60F5612A5E}.Debug|Any CPU.Build.0 = Debug|Any CPU
		{2665E9C3-2158-AA43-8467-AC60F5612A5E}.Release|Any CPU.ActiveCfg = Release|Any CPU
		{2665E9C3-2158-AA43-8467-AC60F5612A5E}.Release|Any CPU.Build.0 = Release|Any CPU
	EndGlobalSection
	GlobalSection(SolutionProperties) = preSolution
		HideSolutionNode = FALSE
	EndGlobalSection
EndGlobal
